{
  "name": "markov-chains",
  "lockfileVersion": 3,
  "requires": true,
  "packages": {
    "": {
      "dependencies": {
        "linear-algebra": "^3.1.4",
        "rref": "^0.0.1"
      }
    },
    "node_modules/linear-algebra": {
      "version": "3.1.4",
      "resolved": "https://registry.npmjs.org/linear-algebra/-/linear-algebra-3.1.4.tgz",
      "integrity": "sha512-lOcbqa61aheuk+6rfQoFhhHwbXUKP4fRDt++oG8JrMeAW3udM515+ntJYuJPbe9tOCBT5gvaSS9rr0Iy7tMvKw=="
    },
    "node_modules/rref": {
      "version": "0.0.1",
      "resolved": "https://registry.npmjs.org/rref/-/rref-0.0.1.tgz",
      "integrity": "sha512-UA1JBnyLoZHHssreoGkgmddUNyraVVLxa2CsWW316OEpWrtRasLnRRna3rySGxvFnwIo09qL+fGEUUvKrrRW3A=="
    }
  }
}
